
Microsoft Visual Studio Solution File, Format Version 12.00
# Visual Studio Version 17
VisualStudioVersion = 17.11.35222.181
MinimumVisualStudioVersion = 10.0.40219.1
Project("{2150E333-8FDC-42A3-9474-1A3956D46DE8}") = "1-Bouteille", "1-Bouteille", "{FC88A992-E34A-4F6E-A8C6-B63E2F28C57B}"
EndProject
Project("{2150E333-8FDC-42A3-9474-1A3956D46DE8}") = "3-Une transaction boursière", "3-Une transaction boursière", "{CC0F04A0-50D0-4C6C-82EC-F1B824472F79}"
EndProject
Project("{2150E333-8FDC-42A3-9474-1A3956D46DE8}") = "2-Lepidoptere", "2-Lepidoptere", "{B6899C07-CD7B-4C5A-A1A7-405394CE739A}"
EndProject
Project("{2150E333-8FDC-42A3-9474-1A3956D46DE8}") = "4-Voiture", "4-Voiture", "{BA223E66-F34A-48E9-9E4A-A487E41A6E19}"
EndProject
Project("{9A19103F-16F7-4668-BE54-9A1E7A4F7556}") = "BibliothequeDeClassBouteille", "1-Bouteille\BibliothequeDeClassBouteille\BibliothequeDeClassBouteille.csproj", "{B4EFFE54-22ED-490C-A973-913C05475302}"
EndProject
Project("{2150E333-8FDC-42A3-9474-1A3956D46DE8}") = "5-Compte Bancaire", "5-Compte Bancaire", "{CDD5B6C4-E85D-4EFC-92EB-C9F563EFC8F8}"
EndProject
Project("{9A19103F-16F7-4668-BE54-9A1E7A4F7556}") = "Solution_Bouteille", "1-Bouteille\Solution_Bouteille\Solution_Bouteille.csproj", "{8B95948A-8BC7-4473-AA65-164789E3625D}"
EndProject
Project("{9A19103F-16F7-4668-BE54-9A1E7A4F7556}") = "ClassLibraryLepidoptere", "2-Lepidoptere\ClassLibraryLepidoptere\ClassLibraryLepidoptere.csproj", "{6AC1D79A-1B0F-449F-88A6-92FCA7F2C5C4}"
EndProject
Project("{9A19103F-16F7-4668-BE54-9A1E7A4F7556}") = "ConsoleAppLepidoptere", "2-Lepidoptere\ConsoleAppLepidoptere\ConsoleAppLepidoptere.csproj", "{27CDBEE4-3834-4FCF-84C3-FF11A350FE8D}"
EndProject
Project("{9A19103F-16F7-4668-BE54-9A1E7A4F7556}") = "ClassLibraryUTB", "3-Une transaction boursière\ClassLibraryUTB\ClassLibraryUTB.csproj", "{BCF4C0F6-71B0-4F1F-8AFC-29EFA2DEA48F}"
EndProject
Project("{9A19103F-16F7-4668-BE54-9A1E7A4F7556}") = "UneTransactionBoursiere", "3-Une transaction boursière\UneTransactionBoursiere\UneTransactionBoursiere.csproj", "{72D0C8A0-5E7D-45A8-8402-E0692C0375D8}"
EndProject
Project("{9A19103F-16F7-4668-BE54-9A1E7A4F7556}") = "ClassLibraryVoiture", "4-Voiture\ClassLibraryVoiture\ClassLibraryVoiture.csproj", "{BEDE9BA6-AE9B-4F23-BB3D-95D64EFB2BBA}"
EndProject
Project("{9A19103F-16F7-4668-BE54-9A1E7A4F7556}") = "ConsoleAppVoiture", "4-Voiture\ConsoleAppVoiture\ConsoleAppVoiture.csproj", "{EC13AA2D-01D8-42D8-8A3F-1D93946DC6DE}"
EndProject
Project("{9A19103F-16F7-4668-BE54-9A1E7A4F7556}") = "ClassLibraryDeCB", "5-Compte Bancaire\ClassLibraryDeCB\ClassLibraryDeCB.csproj", "{D5D2D8EA-4666-4AFC-B284-C494F31A723F}"
EndProject
Project("{FAE04EC0-301F-11D3-BF4B-00C04F79EFBC}") = "ConsoleAppDeCB", "5-Compte Bancaire\ConsoleAppDeCB\ConsoleAppDeCB\ConsoleAppDeCB.csproj", "{79F546EC-1AB7-4DE4-8641-C7C727FD8702}"
EndProject
Global
	GlobalSection(SolutionConfigurationPlatforms) = preSolution
		Debug|Any CPU = Debug|Any CPU
		Release|Any CPU = Release|Any CPU
	EndGlobalSection
	GlobalSection(ProjectConfigurationPlatforms) = postSolution
		{B4EFFE54-22ED-490C-A973-913C05475302}.Debug|Any CPU.ActiveCfg = Debug|Any CPU
		{B4EFFE54-22ED-490C-A973-913C05475302}.Debug|Any CPU.Build.0 = Debug|Any CPU
		{B4EFFE54-22ED-490C-A973-913C05475302}.Release|Any CPU.ActiveCfg = Release|Any CPU
		{B4EFFE54-22ED-490C-A973-913C05475302}.Release|Any CPU.Build.0 = Release|Any CPU
		{8B95948A-8BC7-4473-AA65-164789E3625D}.Debug|Any CPU.ActiveCfg = Debug|Any CPU
		{8B95948A-8BC7-4473-AA65-164789E3625D}.Debug|Any CPU.Build.0 = Debug|Any CPU
		{8B95948A-8BC7-4473-AA65-164789E3625D}.Release|Any CPU.ActiveCfg = Release|Any CPU
		{8B95948A-8BC7-4473-AA65-164789E3625D}.Release|Any CPU.Build.0 = Release|Any CPU
		{6AC1D79A-1B0F-449F-88A6-92FCA7F2C5C4}.Debug|Any CPU.ActiveCfg = Debug|Any CPU
		{6AC1D79A-1B0F-449F-88A6-92FCA7F2C5C4}.Debug|Any CPU.Build.0 = Debug|Any CPU
		{6AC1D79A-1B0F-449F-88A6-92FCA7F2C5C4}.Release|Any CPU.ActiveCfg = Release|Any CPU
		{6AC1D79A-1B0F-449F-88A6-92FCA7F2C5C4}.Release|Any CPU.Build.0 = Release|Any CPU
		{27CDBEE4-3834-4FCF-84C3-FF11A350FE8D}.Debug|Any CPU.ActiveCfg = Debug|Any CPU
		{27CDBEE4-3834-4FCF-84C3-FF11A350FE8D}.Debug|Any CPU.Build.0 = Debug|Any CPU
		{27CDBEE4-3834-4FCF-84C3-FF11A350FE8D}.Release|Any CPU.ActiveCfg = Release|Any CPU
		{27CDBEE4-3834-4FCF-84C3-FF11A350FE8D}.Release|Any CPU.Build.0 = Release|Any CPU
		{BCF4C0F6-71B0-4F1F-8AFC-29EFA2DEA48F}.Debug|Any CPU.ActiveCfg = Debug|Any CPU
		{BCF4C0F6-71B0-4F1F-8AFC-29EFA2DEA48F}.Debug|Any CPU.Build.0 = Debug|Any CPU
		{BCF4C0F6-71B0-4F1F-8AFC-29EFA2DEA48F}.Release|Any CPU.ActiveCfg = Release|Any CPU
		{BCF4C0F6-71B0-4F1F-8AFC-29EFA2DEA48F}.Release|Any CPU.Build.0 = Release|Any CPU
		{72D0C8A0-5E7D-45A8-8402-E0692C0375D8}.Debug|Any CPU.ActiveCfg = Debug|Any CPU
		{72D0C8A0-5E7D-45A8-8402-E0692C0375D8}.Debug|Any CPU.Build.0 = Debug|Any CPU
		{72D0C8A0-5E7D-45A8-8402-E0692C0375D8}.Release|Any CPU.ActiveCfg = Release|Any CPU
		{72D0C8A0-5E7D-45A8-8402-E0692C0375D8}.Release|Any CPU.Build.0 = Release|Any CPU
		{BEDE9BA6-AE9B-4F23-BB3D-95D64EFB2BBA}.Debug|Any CPU.ActiveCfg = Debug|Any CPU
		{BEDE9BA6-AE9B-4F23-BB3D-95D64EFB2BBA}.Debug|Any CPU.Build.0 = Debug|Any CPU
		{BEDE9BA6-AE9B-4F23-BB3D-95D64EFB2BBA}.Release|Any CPU.ActiveCfg = Release|Any CPU
		{BEDE9BA6-AE9B-4F23-BB3D-95D64EFB2BBA}.Release|Any CPU.Build.0 = Release|Any CPU
		{EC13AA2D-01D8-42D8-8A3F-1D93946DC6DE}.Debug|Any CPU.ActiveCfg = Debug|Any CPU
		{EC13AA2D-01D8-42D8-8A3F-1D93946DC6DE}.Debug|Any CPU.Build.0 = Debug|Any CPU
		{EC13AA2D-01D8-42D8-8A3F-1D93946DC6DE}.Release|Any CPU.ActiveCfg = Release|Any CPU
		{EC13AA2D-01D8-42D8-8A3F-1D93946DC6DE}.Release|Any CPU.Build.0 = Release|Any CPU
		{D5D2D8EA-4666-4AFC-B284-C494F31A723F}.Debug|Any CPU.ActiveCfg = Debug|Any CPU
		{D5D2D8EA-4666-4AFC-B284-C494F31A723F}.Debug|Any CPU.Build.0 = Debug|Any CPU
		{D5D2D8EA-4666-4AFC-B284-C494F31A723F}.Release|Any CPU.ActiveCfg = Release|Any CPU
		{D5D2D8EA-4666-4AFC-B284-C494F31A723F}.Release|Any CPU.Build.0 = Release|Any CPU
		{79F546EC-1AB7-4DE4-8641-C7C727FD8702}.Debug|Any CPU.ActiveCfg = Debug|Any CPU
		{79F546EC-1AB7-4DE4-8641-C7C727FD8702}.Debug|Any CPU.Build.0 = Debug|Any CPU
		{79F546EC-1AB7-4DE4-8641-C7C727FD8702}.Release|Any CPU.ActiveCfg = Release|Any CPU
		{79F546EC-1AB7-4DE4-8641-C7C727FD8702}.Release|Any CPU.Build.0 = Release|Any CPU
	EndGlobalSection
	GlobalSection(SolutionProperties) = preSolution
		HideSolutionNode = FALSE
	EndGlobalSection
	GlobalSection(NestedProjects) = preSolution
		{B4EFFE54-22ED-490C-A973-913C05475302} = {FC88A992-E34A-4F6E-A8C6-B63E2F28C57B}
		{8B95948A-8BC7-4473-AA65-164789E3625D} = {FC88A992-E34A-4F6E-A8C6-B63E2F28C57B}
		{6AC1D79A-1B0F-449F-88A6-92FCA7F2C5C4} = {B6899C07-CD7B-4C5A-A1A7-405394CE739A}
		{27CDBEE4-3834-4FCF-84C3-FF11A350FE8D} = {B6899C07-CD7B-4C5A-A1A7-405394CE739A}
		{BCF4C0F6-71B0-4F1F-8AFC-29EFA2DEA48F} = {CC0F04A0-50D0-4C6C-82EC-F1B824472F79}
		{72D0C8A0-5E7D-45A8-8402-E0692C0375D8} = {CC0F04A0-50D0-4C6C-82EC-F1B824472F79}
		{BEDE9BA6-AE9B-4F23-BB3D-95D64EFB2BBA} = {BA223E66-F34A-48E9-9E4A-A487E41A6E19}
		{EC13AA2D-01D8-42D8-8A3F-1D93946DC6DE} = {BA223E66-F34A-48E9-9E4A-A487E41A6E19}
		{D5D2D8EA-4666-4AFC-B284-C494F31A723F} = {CDD5B6C4-E85D-4EFC-92EB-C9F563EFC8F8}
		{79F546EC-1AB7-4DE4-8641-C7C727FD8702} = {CDD5B6C4-E85D-4EFC-92EB-C9F563EFC8F8}
	EndGlobalSection
	GlobalSection(ExtensibilityGlobals) = postSolution
		SolutionGuid = {216AAD21-DFDE-4513-ADC1-16B483052CC6}
	EndGlobalSection
EndGlobal
