
Microsoft Visual Studio Solution File, Format Version 12.00
# Visual Studio Version 17
VisualStudioVersion = 17.11.35219.272
MinimumVisualStudioVersion = 10.0.40219.1
Project("{FAE04EC0-301F-11D3-BF4B-00C04F79EFBC}") = "WindowsFormsListBox", "WindowsFormsListBox\WindowsFormsListBox.csproj", "{EE89A2C2-5D50-4F2A-BCDE-2A24810BD254}"
EndProject
Global
	GlobalSection(SolutionConfigurationPlatforms) = preSolution
		Debug|Any CPU = Debug|Any CPU
		Release|Any CPU = Release|Any CPU
	EndGlobalSection
	GlobalSection(ProjectConfigurationPlatforms) = postSolution
		{EE89A2C2-5D50-4F2A-BCDE-2A24810BD254}.Debug|Any CPU.ActiveCfg = Debug|Any CPU
		{EE89A2C2-5D50-4F2A-BCDE-2A24810BD254}.Debug|Any CPU.Build.0 = Debug|Any CPU
		{EE89A2C2-5D50-4F2A-BCDE-2A24810BD254}.Release|Any CPU.ActiveCfg = Release|Any CPU
		{EE89A2C2-5D50-4F2A-BCDE-2A24810BD254}.Release|Any CPU.Build.0 = Release|Any CPU
	EndGlobalSection
	GlobalSection(SolutionProperties) = preSolution
		HideSolutionNode = FALSE
	EndGlobalSection
	GlobalSection(ExtensibilityGlobals) = postSolution
		SolutionGuid = {0B65C558-9DAF-4659-8880-F1AFC7D13B4F}
	EndGlobalSection
EndGlobal
