
Microsoft Visual Studio Solution File, Format Version 12.00
# Visual Studio Version 17
VisualStudioVersion = 17.11.35222.181
MinimumVisualStudioVersion = 10.0.40219.1
Project("{9A19103F-16F7-4668-BE54-9A1E7A4F7556}") = "BibliothequeDeClassBouteille", "Bouteille\BibliothequeDeClassBouteille\BibliothequeDeClassBouteille.csproj", "{FAA26A44-3310-49F5-B220-76106A2835D9}"
EndProject
Project("{9A19103F-16F7-4668-BE54-9A1E7A4F7556}") = "Solution_Bouteille", "Bouteille\Solution_Bouteille\Solution_Bouteille.csproj", "{5BCD01A0-1A04-4FCA-AAF1-18E92B13D907}"
EndProject
Project("{9A19103F-16F7-4668-BE54-9A1E7A4F7556}") = "ClassLibraryUTB", "Une transaction boursière\ClassLibraryUTB\ClassLibraryUTB.csproj", "{15AF633A-62A2-4756-8295-E38EA283D89A}"
EndProject
Project("{9A19103F-16F7-4668-BE54-9A1E7A4F7556}") = "UneTransactionBoursiere", "Une transaction boursière\UneTransactionBoursiere\UneTransactionBoursiere.csproj", "{BD4CCD31-8A67-4C0F-9620-6A1FE31E6CDE}"
EndProject
Project("{2150E333-8FDC-42A3-9474-1A3956D46DE8}") = "ExoBouteille", "ExoBouteille", "{FC88A992-E34A-4F6E-A8C6-B63E2F28C57B}"
EndProject
Project("{2150E333-8FDC-42A3-9474-1A3956D46DE8}") = "ExoTransaction", "ExoTransaction", "{CC0F04A0-50D0-4C6C-82EC-F1B824472F79}"
EndProject
Project("{9A19103F-16F7-4668-BE54-9A1E7A4F7556}") = "ClassLibraryLepidoptere", "Lepidoptere OOP\ClassLibraryLepidoptere\ClassLibraryLepidoptere.csproj", "{5AFA98B8-2E3B-49F1-A99D-E24664298112}"
EndProject
Project("{9A19103F-16F7-4668-BE54-9A1E7A4F7556}") = "ConsoleAppLepidoptere", "Lepidoptere OOP\ConsoleAppLepidoptere\ConsoleAppLepidoptere.csproj", "{14B01B75-A8FB-4703-907E-A5E605CB59BF}"
EndProject
Project("{2150E333-8FDC-42A3-9474-1A3956D46DE8}") = "Lepidoptere", "Lepidoptere", "{B6899C07-CD7B-4C5A-A1A7-405394CE739A}"
EndProject
Project("{2150E333-8FDC-42A3-9474-1A3956D46DE8}") = "Voiture", "Voiture", "{BA223E66-F34A-48E9-9E4A-A487E41A6E19}"
EndProject
Project("{FAE04EC0-301F-11D3-BF4B-00C04F79EFBC}") = "ClassLibraryVoiture", "Voiture\ClassLibraryVoiture\ClassLibraryVoiture.csproj", "{D486D0AA-7BEC-4450-9F99-379601DB11F2}"
EndProject
Project("{FAE04EC0-301F-11D3-BF4B-00C04F79EFBC}") = "ConsoleAppVoiture", "Voiture\ConsoleAppVoiture\ConsoleAppVoiture.csproj", "{4C1CB3F6-64EF-4BC7-A9FE-17E4F6D61700}"
EndProject
Global
	GlobalSection(SolutionConfigurationPlatforms) = preSolution
		Debug|Any CPU = Debug|Any CPU
		Release|Any CPU = Release|Any CPU
	EndGlobalSection
	GlobalSection(ProjectConfigurationPlatforms) = postSolution
		{FAA26A44-3310-49F5-B220-76106A2835D9}.Debug|Any CPU.ActiveCfg = Debug|Any CPU
		{FAA26A44-3310-49F5-B220-76106A2835D9}.Debug|Any CPU.Build.0 = Debug|Any CPU
		{FAA26A44-3310-49F5-B220-76106A2835D9}.Release|Any CPU.ActiveCfg = Release|Any CPU
		{FAA26A44-3310-49F5-B220-76106A2835D9}.Release|Any CPU.Build.0 = Release|Any CPU
		{5BCD01A0-1A04-4FCA-AAF1-18E92B13D907}.Debug|Any CPU.ActiveCfg = Debug|Any CPU
		{5BCD01A0-1A04-4FCA-AAF1-18E92B13D907}.Debug|Any CPU.Build.0 = Debug|Any CPU
		{5BCD01A0-1A04-4FCA-AAF1-18E92B13D907}.Release|Any CPU.ActiveCfg = Release|Any CPU
		{5BCD01A0-1A04-4FCA-AAF1-18E92B13D907}.Release|Any CPU.Build.0 = Release|Any CPU
		{15AF633A-62A2-4756-8295-E38EA283D89A}.Debug|Any CPU.ActiveCfg = Debug|Any CPU
		{15AF633A-62A2-4756-8295-E38EA283D89A}.Debug|Any CPU.Build.0 = Debug|Any CPU
		{15AF633A-62A2-4756-8295-E38EA283D89A}.Release|Any CPU.ActiveCfg = Release|Any CPU
		{15AF633A-62A2-4756-8295-E38EA283D89A}.Release|Any CPU.Build.0 = Release|Any CPU
		{BD4CCD31-8A67-4C0F-9620-6A1FE31E6CDE}.Debug|Any CPU.ActiveCfg = Debug|Any CPU
		{BD4CCD31-8A67-4C0F-9620-6A1FE31E6CDE}.Debug|Any CPU.Build.0 = Debug|Any CPU
		{BD4CCD31-8A67-4C0F-9620-6A1FE31E6CDE}.Release|Any CPU.ActiveCfg = Release|Any CPU
		{BD4CCD31-8A67-4C0F-9620-6A1FE31E6CDE}.Release|Any CPU.Build.0 = Release|Any CPU
		{5AFA98B8-2E3B-49F1-A99D-E24664298112}.Debug|Any CPU.ActiveCfg = Debug|Any CPU
		{5AFA98B8-2E3B-49F1-A99D-E24664298112}.Debug|Any CPU.Build.0 = Debug|Any CPU
		{5AFA98B8-2E3B-49F1-A99D-E24664298112}.Release|Any CPU.ActiveCfg = Release|Any CPU
		{5AFA98B8-2E3B-49F1-A99D-E24664298112}.Release|Any CPU.Build.0 = Release|Any CPU
		{14B01B75-A8FB-4703-907E-A5E605CB59BF}.Debug|Any CPU.ActiveCfg = Debug|Any CPU
		{14B01B75-A8FB-4703-907E-A5E605CB59BF}.Debug|Any CPU.Build.0 = Debug|Any CPU
		{14B01B75-A8FB-4703-907E-A5E605CB59BF}.Release|Any CPU.ActiveCfg = Release|Any CPU
		{14B01B75-A8FB-4703-907E-A5E605CB59BF}.Release|Any CPU.Build.0 = Release|Any CPU
		{D486D0AA-7BEC-4450-9F99-379601DB11F2}.Debug|Any CPU.ActiveCfg = Debug|Any CPU
		{D486D0AA-7BEC-4450-9F99-379601DB11F2}.Debug|Any CPU.Build.0 = Debug|Any CPU
		{D486D0AA-7BEC-4450-9F99-379601DB11F2}.Release|Any CPU.ActiveCfg = Release|Any CPU
		{D486D0AA-7BEC-4450-9F99-379601DB11F2}.Release|Any CPU.Build.0 = Release|Any CPU
		{4C1CB3F6-64EF-4BC7-A9FE-17E4F6D61700}.Debug|Any CPU.ActiveCfg = Debug|Any CPU
		{4C1CB3F6-64EF-4BC7-A9FE-17E4F6D61700}.Debug|Any CPU.Build.0 = Debug|Any CPU
		{4C1CB3F6-64EF-4BC7-A9FE-17E4F6D61700}.Release|Any CPU.ActiveCfg = Release|Any CPU
		{4C1CB3F6-64EF-4BC7-A9FE-17E4F6D61700}.Release|Any CPU.Build.0 = Release|Any CPU
	EndGlobalSection
	GlobalSection(SolutionProperties) = preSolution
		HideSolutionNode = FALSE
	EndGlobalSection
	GlobalSection(NestedProjects) = preSolution
		{FAA26A44-3310-49F5-B220-76106A2835D9} = {FC88A992-E34A-4F6E-A8C6-B63E2F28C57B}
		{5BCD01A0-1A04-4FCA-AAF1-18E92B13D907} = {FC88A992-E34A-4F6E-A8C6-B63E2F28C57B}
		{15AF633A-62A2-4756-8295-E38EA283D89A} = {CC0F04A0-50D0-4C6C-82EC-F1B824472F79}
		{BD4CCD31-8A67-4C0F-9620-6A1FE31E6CDE} = {CC0F04A0-50D0-4C6C-82EC-F1B824472F79}
		{5AFA98B8-2E3B-49F1-A99D-E24664298112} = {B6899C07-CD7B-4C5A-A1A7-405394CE739A}
		{14B01B75-A8FB-4703-907E-A5E605CB59BF} = {B6899C07-CD7B-4C5A-A1A7-405394CE739A}
		{D486D0AA-7BEC-4450-9F99-379601DB11F2} = {BA223E66-F34A-48E9-9E4A-A487E41A6E19}
		{4C1CB3F6-64EF-4BC7-A9FE-17E4F6D61700} = {BA223E66-F34A-48E9-9E4A-A487E41A6E19}
	EndGlobalSection
	GlobalSection(ExtensibilityGlobals) = postSolution
		SolutionGuid = {216AAD21-DFDE-4513-ADC1-16B483052CC6}
	EndGlobalSection
EndGlobal
