
Microsoft Visual Studio Solution File, Format Version 12.00
# Visual Studio Version 17
VisualStudioVersion = 17.11.35222.181
MinimumVisualStudioVersion = 10.0.40219.1
Project("{9A19103F-16F7-4668-BE54-9A1E7A4F7556}") = "EsTuMajeur", "1 Les conditions #2\EsTuMajeur\EsTuMajeur.csproj", "{36565EAD-466E-4EA3-B7E4-D9E99FF874CB}"
EndProject
Project("{9A19103F-16F7-4668-BE54-9A1E7A4F7556}") = "MaBicyclette", "1 Les conditions #2\MaBicyclette\MaBicyclette.csproj", "{734F57CD-EEC1-4020-9344-B465C91CE39D}"
EndProject
Project("{9A19103F-16F7-4668-BE54-9A1E7A4F7556}") = "MaRetraite", "1 Les conditions #2\MaRetraite\MaRetraite.csproj", "{BBB27274-F12C-43E4-A674-7B7804703A94}"
EndProject
Project("{9A19103F-16F7-4668-BE54-9A1E7A4F7556}") = "TriDeNombre", "1 Les conditions #2\TriDeNombre\TriDeNombre.csproj", "{F795EBF7-79A0-47E2-8B9F-D7631C07E0EC}"
EndProject
Project("{9A19103F-16F7-4668-BE54-9A1E7A4F7556}") = "TriDeNombrePlus", "1 Les conditions #2\TriDeNombresPlus\TriDeNombrePlus.csproj", "{9FCA06BD-2479-438F-889A-03AB1989A602}"
EndProject
Project("{9A19103F-16F7-4668-BE54-9A1E7A4F7556}") = "ControlerLaSaisie", "2 Les Boucles #2\ControlerLaSaisie\ControlerLaSaisie.csproj", "{8CA4035F-3285-446E-B69F-DD516AC0B15C}"
EndProject
Project("{9A19103F-16F7-4668-BE54-9A1E7A4F7556}") = "ControllerLaSaisieAvecLimite", "2 Les Boucles #2\ControllerLaSaisieAvecLimite\ControllerLaSaisieAvecLimite.csproj", "{2B58D125-A34E-4DDF-967A-5A7FA8E5806F}"
EndProject
Project("{9A19103F-16F7-4668-BE54-9A1E7A4F7556}") = "IntervalleEntre2Nombres", "2 Les Boucles #2\IntervalleEntre2Nombres\IntervalleEntre2Nombres.csproj", "{6F548817-F8E0-47E1-8B4F-91C2CF8DEE54}"
EndProject
Project("{9A19103F-16F7-4668-BE54-9A1E7A4F7556}") = "practicePerso", "0 practicePerso\practicePerso\practicePerso.csproj", "{AF6B3277-4C0D-4719-8320-142E2E4D4839}"
EndProject
Project("{9A19103F-16F7-4668-BE54-9A1E7A4F7556}") = "NombrePremier", "2 Les Boucles #2\NombrePremier\NombrePremier.csproj", "{185C1047-382E-4BA0-BE3A-3467A890C094}"
EndProject
Project("{9A19103F-16F7-4668-BE54-9A1E7A4F7556}") = "RechercheDesDiviseurs", "2 Les Boucles #2\RechercheDesDiviseurs\RechercheDesDiviseurs.csproj", "{27CCE744-0F07-4073-8EAD-B06851345259}"
EndProject
Project("{9A19103F-16F7-4668-BE54-9A1E7A4F7556}") = "JeuDeLaFourchette", "2 Les Boucles #2\JeuDeLaFourchette\JeuDeLaFourchette.csproj", "{F61F204B-DEED-4DA6-9F6E-F09C27ACEEA7}"
EndProject
Project("{9A19103F-16F7-4668-BE54-9A1E7A4F7556}") = "BarnabeFaitSesCourses", "2 Les Boucles #2\barnabeFaitSesCourses\BarnabeFaitSesCourses.csproj", "{E035CA52-BFA7-4EBF-BA9A-3E9419CA4D07}"
EndProject
Project("{9A19103F-16F7-4668-BE54-9A1E7A4F7556}") = "RechercherUnNombre", "3 Tableaux #2\RechercherUnNombreDansUnTableau\RechercherUnNombre.csproj", "{117D9250-8917-4502-A1D2-04BE02DF4F44}"
EndProject
Project("{9A19103F-16F7-4668-BE54-9A1E7A4F7556}") = "RechercherLeNombreD", "3 Tableaux #2\RechercherLeNombreD'occurences\RechercherLeNombreD.csproj", "{9B31C981-F511-4638-8711-3CE33B45A80D}"
EndProject
Project("{9A19103F-16F7-4668-BE54-9A1E7A4F7556}") = "DenombrerLesLettres", "3 Tableaux #2\DenombrerLesLettres\DenombrerLesLettres.csproj", "{6C187F86-5EE3-4082-A3B9-321CB84ABC7F}"
EndProject
Project("{9A19103F-16F7-4668-BE54-9A1E7A4F7556}") = "TriDunTableau", "3 Tableaux #2\TriDunTableau\TriDunTableau.csproj", "{D130F99F-190D-44E3-B8B2-51FF762330CE}"
EndProject
Project("{9A19103F-16F7-4668-BE54-9A1E7A4F7556}") = "Palindrome", "3 Tableaux #2\Palindrome\Palindrome.csproj", "{414604CB-4CFA-4ACC-8BE6-F37166743E01}"
EndProject
Project("{9A19103F-16F7-4668-BE54-9A1E7A4F7556}") = "LesFruitsEtLegeumes", "4 Révisions #2\LesFruitsEtLegeumes\LesFruitsEtLegeumes.csproj", "{E584EE0F-1239-4684-B997-244EF0FE64E2}"
EndProject
Project("{9A19103F-16F7-4668-BE54-9A1E7A4F7556}") = "JeuDu02", "4 Révisions #2\JeuDu0-2\JeuDu02.csproj", "{85967E50-FC91-4150-8581-EF5EA65CBD81}"
EndProject
Project("{9A19103F-16F7-4668-BE54-9A1E7A4F7556}") = "CalculDuNombreDJ", "4 Révisions #2\CalculDuNombreDP\CalculDuNombreDJ.csproj", "{AB03B9FE-050A-4714-B344-E1830E39B6AE}"
EndProject
Project("{9A19103F-16F7-4668-BE54-9A1E7A4F7556}") = "AfficherParChaqueCategorie", "4 Révisions #2\AfficherParChaqueCategorie\AfficherParChaqueCategorie.csproj", "{E849C848-17EC-43FB-A974-FE3573852884}"
EndProject
Project("{9A19103F-16F7-4668-BE54-9A1E7A4F7556}") = "LesCapitales", "1 Les conditions #2\LesCapitales\LesCapitales.csproj", "{9E933E54-0D85-40FD-961F-A5FC5B16EE46}"
EndProject
Project("{9A19103F-16F7-4668-BE54-9A1E7A4F7556}") = "DenombrerLesLDAlphabet", "4 Révisions #2\DenombrerLesLDAlphabet\DenombrerLesLDAlphabet.csproj", "{210240D8-2995-4ECC-AB4E-331BBE842C5A}"
EndProject
Project("{9A19103F-16F7-4668-BE54-9A1E7A4F7556}") = "DenombrerLesLettresDAL", "4 Révisions #2\DenombrerLesLettresDAL\DenombrerLesLettresDAL.csproj", "{75868BF0-C7A4-4BB2-9A42-2A60B967F6F2}"
EndProject
Project("{9A19103F-16F7-4668-BE54-9A1E7A4F7556}") = "MotDePasseSecure", "5 Extra\MotDePasseSecure\MotDePasseSecure.csproj", "{DFC2D2C5-D94B-470C-BA27-FB0FF335C493}"
EndProject
Project("{9A19103F-16F7-4668-BE54-9A1E7A4F7556}") = "DemoReferenceObjet", "5 Extra\DemoReferenceObjet\DemoReferenceObjet.csproj", "{2D5F6776-3A56-4064-B446-C901020E015A}"
EndProject
Project("{9A19103F-16F7-4668-BE54-9A1E7A4F7556}") = "KpariyarTools", "5 Extra\Pkaran.tools\KpariyarTools.csproj", "{F61DB05F-70DD-4785-811C-0C122951B37D}"
EndProject
Global
	GlobalSection(SolutionConfigurationPlatforms) = preSolution
		Debug|Any CPU = Debug|Any CPU
		Release|Any CPU = Release|Any CPU
	EndGlobalSection
	GlobalSection(ProjectConfigurationPlatforms) = postSolution
		{36565EAD-466E-4EA3-B7E4-D9E99FF874CB}.Debug|Any CPU.ActiveCfg = Debug|Any CPU
		{36565EAD-466E-4EA3-B7E4-D9E99FF874CB}.Debug|Any CPU.Build.0 = Debug|Any CPU
		{36565EAD-466E-4EA3-B7E4-D9E99FF874CB}.Release|Any CPU.ActiveCfg = Release|Any CPU
		{36565EAD-466E-4EA3-B7E4-D9E99FF874CB}.Release|Any CPU.Build.0 = Release|Any CPU
		{734F57CD-EEC1-4020-9344-B465C91CE39D}.Debug|Any CPU.ActiveCfg = Debug|Any CPU
		{734F57CD-EEC1-4020-9344-B465C91CE39D}.Debug|Any CPU.Build.0 = Debug|Any CPU
		{734F57CD-EEC1-4020-9344-B465C91CE39D}.Release|Any CPU.ActiveCfg = Release|Any CPU
		{734F57CD-EEC1-4020-9344-B465C91CE39D}.Release|Any CPU.Build.0 = Release|Any CPU
		{BBB27274-F12C-43E4-A674-7B7804703A94}.Debug|Any CPU.ActiveCfg = Debug|Any CPU
		{BBB27274-F12C-43E4-A674-7B7804703A94}.Debug|Any CPU.Build.0 = Debug|Any CPU
		{BBB27274-F12C-43E4-A674-7B7804703A94}.Release|Any CPU.ActiveCfg = Release|Any CPU
		{BBB27274-F12C-43E4-A674-7B7804703A94}.Release|Any CPU.Build.0 = Release|Any CPU
		{F795EBF7-79A0-47E2-8B9F-D7631C07E0EC}.Debug|Any CPU.ActiveCfg = Debug|Any CPU
		{F795EBF7-79A0-47E2-8B9F-D7631C07E0EC}.Debug|Any CPU.Build.0 = Debug|Any CPU
		{F795EBF7-79A0-47E2-8B9F-D7631C07E0EC}.Release|Any CPU.ActiveCfg = Release|Any CPU
		{F795EBF7-79A0-47E2-8B9F-D7631C07E0EC}.Release|Any CPU.Build.0 = Release|Any CPU
		{9FCA06BD-2479-438F-889A-03AB1989A602}.Debug|Any CPU.ActiveCfg = Debug|Any CPU
		{9FCA06BD-2479-438F-889A-03AB1989A602}.Debug|Any CPU.Build.0 = Debug|Any CPU
		{9FCA06BD-2479-438F-889A-03AB1989A602}.Release|Any CPU.ActiveCfg = Release|Any CPU
		{9FCA06BD-2479-438F-889A-03AB1989A602}.Release|Any CPU.Build.0 = Release|Any CPU
		{8CA4035F-3285-446E-B69F-DD516AC0B15C}.Debug|Any CPU.ActiveCfg = Debug|Any CPU
		{8CA4035F-3285-446E-B69F-DD516AC0B15C}.Debug|Any CPU.Build.0 = Debug|Any CPU
		{8CA4035F-3285-446E-B69F-DD516AC0B15C}.Release|Any CPU.ActiveCfg = Release|Any CPU
		{8CA4035F-3285-446E-B69F-DD516AC0B15C}.Release|Any CPU.Build.0 = Release|Any CPU
		{2B58D125-A34E-4DDF-967A-5A7FA8E5806F}.Debug|Any CPU.ActiveCfg = Debug|Any CPU
		{2B58D125-A34E-4DDF-967A-5A7FA8E5806F}.Debug|Any CPU.Build.0 = Debug|Any CPU
		{2B58D125-A34E-4DDF-967A-5A7FA8E5806F}.Release|Any CPU.ActiveCfg = Release|Any CPU
		{2B58D125-A34E-4DDF-967A-5A7FA8E5806F}.Release|Any CPU.Build.0 = Release|Any CPU
		{6F548817-F8E0-47E1-8B4F-91C2CF8DEE54}.Debug|Any CPU.ActiveCfg = Debug|Any CPU
		{6F548817-F8E0-47E1-8B4F-91C2CF8DEE54}.Debug|Any CPU.Build.0 = Debug|Any CPU
		{6F548817-F8E0-47E1-8B4F-91C2CF8DEE54}.Release|Any CPU.ActiveCfg = Release|Any CPU
		{6F548817-F8E0-47E1-8B4F-91C2CF8DEE54}.Release|Any CPU.Build.0 = Release|Any CPU
		{AF6B3277-4C0D-4719-8320-142E2E4D4839}.Debug|Any CPU.ActiveCfg = Debug|Any CPU
		{AF6B3277-4C0D-4719-8320-142E2E4D4839}.Debug|Any CPU.Build.0 = Debug|Any CPU
		{AF6B3277-4C0D-4719-8320-142E2E4D4839}.Release|Any CPU.ActiveCfg = Release|Any CPU
		{AF6B3277-4C0D-4719-8320-142E2E4D4839}.Release|Any CPU.Build.0 = Release|Any CPU
		{185C1047-382E-4BA0-BE3A-3467A890C094}.Debug|Any CPU.ActiveCfg = Debug|Any CPU
		{185C1047-382E-4BA0-BE3A-3467A890C094}.Debug|Any CPU.Build.0 = Debug|Any CPU
		{185C1047-382E-4BA0-BE3A-3467A890C094}.Release|Any CPU.ActiveCfg = Release|Any CPU
		{185C1047-382E-4BA0-BE3A-3467A890C094}.Release|Any CPU.Build.0 = Release|Any CPU
		{27CCE744-0F07-4073-8EAD-B06851345259}.Debug|Any CPU.ActiveCfg = Debug|Any CPU
		{27CCE744-0F07-4073-8EAD-B06851345259}.Debug|Any CPU.Build.0 = Debug|Any CPU
		{27CCE744-0F07-4073-8EAD-B06851345259}.Release|Any CPU.ActiveCfg = Release|Any CPU
		{27CCE744-0F07-4073-8EAD-B06851345259}.Release|Any CPU.Build.0 = Release|Any CPU
		{F61F204B-DEED-4DA6-9F6E-F09C27ACEEA7}.Debug|Any CPU.ActiveCfg = Debug|Any CPU
		{F61F204B-DEED-4DA6-9F6E-F09C27ACEEA7}.Debug|Any CPU.Build.0 = Debug|Any CPU
		{F61F204B-DEED-4DA6-9F6E-F09C27ACEEA7}.Release|Any CPU.ActiveCfg = Release|Any CPU
		{F61F204B-DEED-4DA6-9F6E-F09C27ACEEA7}.Release|Any CPU.Build.0 = Release|Any CPU
		{E035CA52-BFA7-4EBF-BA9A-3E9419CA4D07}.Debug|Any CPU.ActiveCfg = Debug|Any CPU
		{E035CA52-BFA7-4EBF-BA9A-3E9419CA4D07}.Debug|Any CPU.Build.0 = Debug|Any CPU
		{E035CA52-BFA7-4EBF-BA9A-3E9419CA4D07}.Release|Any CPU.ActiveCfg = Release|Any CPU
		{E035CA52-BFA7-4EBF-BA9A-3E9419CA4D07}.Release|Any CPU.Build.0 = Release|Any CPU
		{117D9250-8917-4502-A1D2-04BE02DF4F44}.Debug|Any CPU.ActiveCfg = Debug|Any CPU
		{117D9250-8917-4502-A1D2-04BE02DF4F44}.Debug|Any CPU.Build.0 = Debug|Any CPU
		{117D9250-8917-4502-A1D2-04BE02DF4F44}.Release|Any CPU.ActiveCfg = Release|Any CPU
		{117D9250-8917-4502-A1D2-04BE02DF4F44}.Release|Any CPU.Build.0 = Release|Any CPU
		{9B31C981-F511-4638-8711-3CE33B45A80D}.Debug|Any CPU.ActiveCfg = Debug|Any CPU
		{9B31C981-F511-4638-8711-3CE33B45A80D}.Debug|Any CPU.Build.0 = Debug|Any CPU
		{9B31C981-F511-4638-8711-3CE33B45A80D}.Release|Any CPU.ActiveCfg = Release|Any CPU
		{9B31C981-F511-4638-8711-3CE33B45A80D}.Release|Any CPU.Build.0 = Release|Any CPU
		{6C187F86-5EE3-4082-A3B9-321CB84ABC7F}.Debug|Any CPU.ActiveCfg = Debug|Any CPU
		{6C187F86-5EE3-4082-A3B9-321CB84ABC7F}.Debug|Any CPU.Build.0 = Debug|Any CPU
		{6C187F86-5EE3-4082-A3B9-321CB84ABC7F}.Release|Any CPU.ActiveCfg = Release|Any CPU
		{6C187F86-5EE3-4082-A3B9-321CB84ABC7F}.Release|Any CPU.Build.0 = Release|Any CPU
		{D130F99F-190D-44E3-B8B2-51FF762330CE}.Debug|Any CPU.ActiveCfg = Debug|Any CPU
		{D130F99F-190D-44E3-B8B2-51FF762330CE}.Debug|Any CPU.Build.0 = Debug|Any CPU
		{D130F99F-190D-44E3-B8B2-51FF762330CE}.Release|Any CPU.ActiveCfg = Release|Any CPU
		{D130F99F-190D-44E3-B8B2-51FF762330CE}.Release|Any CPU.Build.0 = Release|Any CPU
		{414604CB-4CFA-4ACC-8BE6-F37166743E01}.Debug|Any CPU.ActiveCfg = Debug|Any CPU
		{414604CB-4CFA-4ACC-8BE6-F37166743E01}.Debug|Any CPU.Build.0 = Debug|Any CPU
		{414604CB-4CFA-4ACC-8BE6-F37166743E01}.Release|Any CPU.ActiveCfg = Release|Any CPU
		{414604CB-4CFA-4ACC-8BE6-F37166743E01}.Release|Any CPU.Build.0 = Release|Any CPU
		{E584EE0F-1239-4684-B997-244EF0FE64E2}.Debug|Any CPU.ActiveCfg = Debug|Any CPU
		{E584EE0F-1239-4684-B997-244EF0FE64E2}.Debug|Any CPU.Build.0 = Debug|Any CPU
		{E584EE0F-1239-4684-B997-244EF0FE64E2}.Release|Any CPU.ActiveCfg = Release|Any CPU
		{E584EE0F-1239-4684-B997-244EF0FE64E2}.Release|Any CPU.Build.0 = Release|Any CPU
		{85967E50-FC91-4150-8581-EF5EA65CBD81}.Debug|Any CPU.ActiveCfg = Debug|Any CPU
		{85967E50-FC91-4150-8581-EF5EA65CBD81}.Debug|Any CPU.Build.0 = Debug|Any CPU
		{85967E50-FC91-4150-8581-EF5EA65CBD81}.Release|Any CPU.ActiveCfg = Release|Any CPU
		{85967E50-FC91-4150-8581-EF5EA65CBD81}.Release|Any CPU.Build.0 = Release|Any CPU
		{AB03B9FE-050A-4714-B344-E1830E39B6AE}.Debug|Any CPU.ActiveCfg = Debug|Any CPU
		{AB03B9FE-050A-4714-B344-E1830E39B6AE}.Debug|Any CPU.Build.0 = Debug|Any CPU
		{AB03B9FE-050A-4714-B344-E1830E39B6AE}.Release|Any CPU.ActiveCfg = Release|Any CPU
		{AB03B9FE-050A-4714-B344-E1830E39B6AE}.Release|Any CPU.Build.0 = Release|Any CPU
		{E849C848-17EC-43FB-A974-FE3573852884}.Debug|Any CPU.ActiveCfg = Debug|Any CPU
		{E849C848-17EC-43FB-A974-FE3573852884}.Debug|Any CPU.Build.0 = Debug|Any CPU
		{E849C848-17EC-43FB-A974-FE3573852884}.Release|Any CPU.ActiveCfg = Release|Any CPU
		{E849C848-17EC-43FB-A974-FE3573852884}.Release|Any CPU.Build.0 = Release|Any CPU
		{9E933E54-0D85-40FD-961F-A5FC5B16EE46}.Debug|Any CPU.ActiveCfg = Debug|Any CPU
		{9E933E54-0D85-40FD-961F-A5FC5B16EE46}.Debug|Any CPU.Build.0 = Debug|Any CPU
		{9E933E54-0D85-40FD-961F-A5FC5B16EE46}.Release|Any CPU.ActiveCfg = Release|Any CPU
		{9E933E54-0D85-40FD-961F-A5FC5B16EE46}.Release|Any CPU.Build.0 = Release|Any CPU
		{210240D8-2995-4ECC-AB4E-331BBE842C5A}.Debug|Any CPU.ActiveCfg = Debug|Any CPU
		{210240D8-2995-4ECC-AB4E-331BBE842C5A}.Debug|Any CPU.Build.0 = Debug|Any CPU
		{210240D8-2995-4ECC-AB4E-331BBE842C5A}.Release|Any CPU.ActiveCfg = Release|Any CPU
		{210240D8-2995-4ECC-AB4E-331BBE842C5A}.Release|Any CPU.Build.0 = Release|Any CPU
		{75868BF0-C7A4-4BB2-9A42-2A60B967F6F2}.Debug|Any CPU.ActiveCfg = Debug|Any CPU
		{75868BF0-C7A4-4BB2-9A42-2A60B967F6F2}.Debug|Any CPU.Build.0 = Debug|Any CPU
		{75868BF0-C7A4-4BB2-9A42-2A60B967F6F2}.Release|Any CPU.ActiveCfg = Release|Any CPU
		{75868BF0-C7A4-4BB2-9A42-2A60B967F6F2}.Release|Any CPU.Build.0 = Release|Any CPU
		{DFC2D2C5-D94B-470C-BA27-FB0FF335C493}.Debug|Any CPU.ActiveCfg = Debug|Any CPU
		{DFC2D2C5-D94B-470C-BA27-FB0FF335C493}.Debug|Any CPU.Build.0 = Debug|Any CPU
		{DFC2D2C5-D94B-470C-BA27-FB0FF335C493}.Release|Any CPU.ActiveCfg = Release|Any CPU
		{DFC2D2C5-D94B-470C-BA27-FB0FF335C493}.Release|Any CPU.Build.0 = Release|Any CPU
		{2D5F6776-3A56-4064-B446-C901020E015A}.Debug|Any CPU.ActiveCfg = Debug|Any CPU
		{2D5F6776-3A56-4064-B446-C901020E015A}.Debug|Any CPU.Build.0 = Debug|Any CPU
		{2D5F6776-3A56-4064-B446-C901020E015A}.Release|Any CPU.ActiveCfg = Release|Any CPU
		{2D5F6776-3A56-4064-B446-C901020E015A}.Release|Any CPU.Build.0 = Release|Any CPU
		{F61DB05F-70DD-4785-811C-0C122951B37D}.Debug|Any CPU.ActiveCfg = Debug|Any CPU
		{F61DB05F-70DD-4785-811C-0C122951B37D}.Debug|Any CPU.Build.0 = Debug|Any CPU
		{F61DB05F-70DD-4785-811C-0C122951B37D}.Release|Any CPU.ActiveCfg = Release|Any CPU
		{F61DB05F-70DD-4785-811C-0C122951B37D}.Release|Any CPU.Build.0 = Release|Any CPU
	EndGlobalSection
	GlobalSection(SolutionProperties) = preSolution
		HideSolutionNode = FALSE
	EndGlobalSection
	GlobalSection(ExtensibilityGlobals) = postSolution
		SolutionGuid = {81375125-7824-4C0F-ADBE-ED0561EB9489}
	EndGlobalSection
EndGlobal
